{
  "name": "thedissenter",
  "version": "1.0.0",
  "lockfileVersion": 3,
  "requires": true,
  "packages": {
    "": {
      "name": "thedissenter",
      "version": "1.0.0",
      "license": "ISC",
      "dependencies": {
        "@incharge/transcript-cli": "^0.0.4-alpha.15",
        "@incharge/transcript-core": "^0.0.4-alpha.12"
      }
    },
    "node_modules/@incharge/transcript-cli": {
      "version": "0.0.4-alpha.15",
      "resolved": "https://registry.npmjs.org/@incharge/transcript-cli/-/transcript-cli-0.0.4-alpha.15.tgz",
      "integrity": "sha512-66X4bQ+Lctlc3Q7S/ERVcZ/RW1+NhOqZh7hLVyhmbcrE84GOBZw6S/6UAaK9aPPZ1jduO31upomX3rR5wN/T9w==",
      "dependencies": {
        "@incharge/transcript-core": "^0.0.4-alpha.12",
        "minimist": "^1.2.8",
        "yaml": "^2.4.4"
      },
      "bin": {
        "cli": "bin/cli.mjs"
      }
    },
    "node_modules/@incharge/transcript-core": {
      "version": "0.0.4-alpha.12",
      "resolved": "https://registry.npmjs.org/@incharge/transcript-core/-/transcript-core-0.0.4-alpha.12.tgz",
      "integrity": "sha512-YvU+cI4ox223mEDArT2IQABexAape8TLdt64JT/CNeAvgW3DIAZa+ImwgOuJfUaMlssXdPFYssJZUtrsF9ZhQw=="
    },
    "node_modules/minimist": {
      "version": "1.2.8",
      "resolved": "https://registry.npmjs.org/minimist/-/minimist-1.2.8.tgz",
      "integrity": "sha512-2yyAR8qBkN3YuheJanUpWC5U3bb5osDywNB8RzDVlDwDHbocAJveqqj1u8+SVD7jkWT4yvsHCpWqqWqAxb0zCA==",
      "funding": {
        "url": "https://github.com/sponsors/ljharb"
      }
    },
    "node_modules/yaml": {
      "version": "2.4.5",
      "resolved": "https://registry.npmjs.org/yaml/-/yaml-2.4.5.tgz",
      "integrity": "sha512-aBx2bnqDzVOyNKfsysjA2ms5ZlnjSAW2eG3/L5G/CSujfjLJTJsEw1bGw8kCf04KodQWk1pxlGnZ56CRxiawmg==",
      "bin": {
        "yaml": "bin.mjs"
      },
      "engines": {
        "node": ">= 14"
      }
    }
  }
}
